schema_version: 1
issue_id: UTV2-1084
lane_type: migration
owner: claude
acquired_at: 2026-05-23T18:00:00.000Z
scope:
  - supabase/migrations/20260523001_utv2_1084_raw_payload_store.sql
  - db/migrations-rollback/20260523001_utv2_1084_raw_payload_store.down.sql
  - packages/db/src/repositories.ts
  - packages/db/src/runtime-repositories.ts
  - apps/ingestor/src/raw-provider-payload-archive.ts
  - apps/ingestor/src/raw-provider-payload-archive.test.ts
  - apps/ingestor/src/ingest-league.ts
  - apps/ingestor/src/ingest-odds-api.ts
  - apps/ingestor/src/ingest-odds-api.test.ts
  - apps/ingestor/src/odds-api-fetcher.ts
  - apps/ingestor/src/sgo-fetcher.ts
  - apps/ingestor/src/provider-ingestion-policy.ts
  - apps/ingestor/src/provider-ingestion-policy.test.ts
  - apps/ingestor/src/t1-proof-utv2-1084-raw-payload-archive.test.ts
  - .ops/sync/UTV2-1084.yml
  - .lane/migration-lock.yml
  - .lane/lanes/migration.yml
  - .github/workflows/migration-reversibility-gate.yml
  - scripts/ci/schema-roundtrip-hash.ts
  - scripts/ci/schema-roundtrip-hash.test.ts
  - docs/06_status/lanes/UTV2-1084.json
  - docs/06_status/proof/UTV2-1084/PROOF.md
  - docs/06_status/proof/UTV2-1084/evidence.json
  - docs/06_status/proof/UTV2-1084/runtime-verification.md
  - docs/06_status/proof/UTV2-1084/verification.md
  - package.json
release_after: merge
